
Microsoft Visual Studio Solution File, Format Version 12.00
# Visual Studio Version 17
VisualStudioVersion = 17.10.34916.146
MinimumVisualStudioVersion = 10.0.40219.1
Project("{FAE04EC0-301F-11D3-BF4B-00C04F79EFBC}") = "Pluralsight.AspNetCore.BethanysPie", "Pluralsight.AspNetCore.BethanysPie.csproj", "{15F8D2BB-DD71-44D3-889B-51A8AFAC44C8}"
EndProject
Global
	GlobalSection(SolutionConfigurationPlatforms) = preSolution
		Debug|Any CPU = Debug|Any CPU
		Release|Any CPU = Release|Any CPU
	EndGlobalSection
	GlobalSection(ProjectConfigurationPlatforms) = postSolution
		{15F8D2BB-DD71-44D3-889B-51A8AFAC44C8}.Debug|Any CPU.ActiveCfg = Debug|Any CPU
		{15F8D2BB-DD71-44D3-889B-51A8AFAC44C8}.Debug|Any CPU.Build.0 = Debug|Any CPU
		{15F8D2BB-DD71-44D3-889B-51A8AFAC44C8}.Release|Any CPU.ActiveCfg = Release|Any CPU
		{15F8D2BB-DD71-44D3-889B-51A8AFAC44C8}.Release|Any CPU.Build.0 = Release|Any CPU
	EndGlobalSection
	GlobalSection(SolutionProperties) = preSolution
		HideSolutionNode = FALSE
	EndGlobalSection
	GlobalSection(ExtensibilityGlobals) = postSolution
		SolutionGuid = {5528E6ED-C404-434F-BF77-E7BB0D72F971}
	EndGlobalSection
EndGlobal
